
Microsoft Visual Studio Solution File, Format Version 12.00
# Visual Studio Version 17
VisualStudioVersion = 17.10.35013.160
MinimumVisualStudioVersion = 10.0.40219.1
Project("{FAE04EC0-301F-11D3-BF4B-00C04F79EFBC}") = "Orange_orders", "Orange_orders\Orange_orders.csproj", "{EAB04112-1191-43F1-89C4-E119EE055391}"
EndProject
Global
	GlobalSection(SolutionConfigurationPlatforms) = preSolution
		Debug|Any CPU = Debug|Any CPU
		Release|Any CPU = Release|Any CPU
	EndGlobalSection
	GlobalSection(ProjectConfigurationPlatforms) = postSolution
		{EAB04112-1191-43F1-89C4-E119EE055391}.Debug|Any CPU.ActiveCfg = Debug|Any CPU
		{EAB04112-1191-43F1-89C4-E119EE055391}.Debug|Any CPU.Build.0 = Debug|Any CPU
		{EAB04112-1191-43F1-89C4-E119EE055391}.Release|Any CPU.ActiveCfg = Release|Any CPU
		{EAB04112-1191-43F1-89C4-E119EE055391}.Release|Any CPU.Build.0 = Release|Any CPU
	EndGlobalSection
	GlobalSection(SolutionProperties) = preSolution
		HideSolutionNode = FALSE
	EndGlobalSection
	GlobalSection(ExtensibilityGlobals) = postSolution
		SolutionGuid = {0E1B0963-29AA-4E3C-A1C9-7B33220CC41D}
	EndGlobalSection
EndGlobal
